{
  "name": "nuxt-vue-multiselect",
  "version": "1.0.4",
  "lockfileVersion": 1,
  "requires": true,
  "dependencies": {
    "core-js": {
      "version": "2.6.12",
      "resolved": "https://registry.npmjs.org/core-js/-/core-js-2.6.12.tgz",
      "integrity": "sha512-Kb2wC0fvsWfQrgk8HU5lW6U/Lcs8+9aaYcy4ZFc6DDlo4nZ7n70dEgE5rtR0oG6ufKDUnrwfWL1mXR5ljDatrQ=="
    },
    "nuxt-vue-multiselect": {
      "version": "git+https://git@github.com/jasonstealer/nuxt-vue-multiselect.git#9d1660cc634220da961f999c1543f391a6edb905",
      "from": "nuxt-vue-multiselect@git+https://git@github.com/jasonstealer/nuxt-vue-multiselect.git",
      "requires": {
        "core-js": "^2.6.5",
        "vue-multiselect": "^2.1.6"
      }
    },
    "vue-multiselect": {
      "version": "git+https://git@github.com/jasonstealer/vue-multiselect.git#ff26311c8b6f3671a6d1e5656e8606e886121a27",
      "from": "git+https://git@github.com/jasonstealer/vue-multiselect.git"
    }
  }
}
